
Microsoft Visual Studio Solution File, Format Version 12.00
# Visual Studio Version 17
VisualStudioVersion = 17.8.34309.116
MinimumVisualStudioVersion = 10.0.40219.1
Project("{FAE04EC0-301F-11D3-BF4B-00C04F79EFBC}") = "PracticeAPP", "PracticeAPP\PracticeAPP.csproj", "{5F5981BC-085C-4B07-BAD1-8C78E959B1FE}"
EndProject
Global
	GlobalSection(SolutionConfigurationPlatforms) = preSolution
		Debug|Any CPU = Debug|Any CPU
		Release|Any CPU = Release|Any CPU
	EndGlobalSection
	GlobalSection(ProjectConfigurationPlatforms) = postSolution
		{5F5981BC-085C-4B07-BAD1-8C78E959B1FE}.Debug|Any CPU.ActiveCfg = Debug|Any CPU
		{5F5981BC-085C-4B07-BAD1-8C78E959B1FE}.Debug|Any CPU.Build.0 = Debug|Any CPU
		{5F5981BC-085C-4B07-BAD1-8C78E959B1FE}.Debug|Any CPU.Deploy.0 = Debug|Any CPU
		{5F5981BC-085C-4B07-BAD1-8C78E959B1FE}.Release|Any CPU.ActiveCfg = Release|Any CPU
		{5F5981BC-085C-4B07-BAD1-8C78E959B1FE}.Release|Any CPU.Build.0 = Release|Any CPU
		{5F5981BC-085C-4B07-BAD1-8C78E959B1FE}.Release|Any CPU.Deploy.0 = Release|Any CPU
	EndGlobalSection
	GlobalSection(SolutionProperties) = preSolution
		HideSolutionNode = FALSE
	EndGlobalSection
	GlobalSection(ExtensibilityGlobals) = postSolution
		SolutionGuid = {7371A96B-A267-4936-9A76-F2163BC60645}
	EndGlobalSection
EndGlobal
